
Microsoft Visual Studio Solution File, Format Version 12.00
# Visual Studio Version 16
VisualStudioVersion = 16.0.30413.136
MinimumVisualStudioVersion = 10.0.40219.1
Project("{8BC9CEB8-8B4A-11D0-8D11-00A0C91BC942}") = "Test_001", "Test_001\Test_001.vcxproj", "{90B208FF-6897-4C75-9754-163A5D8CFC22}"
EndProject
Global
	GlobalSection(SolutionConfigurationPlatforms) = preSolution
		Debug|x64 = Debug|x64
		Debug|x86 = Debug|x86
		Release|x64 = Release|x64
		Release|x86 = Release|x86
	EndGlobalSection
	GlobalSection(ProjectConfigurationPlatforms) = postSolution
		{90B208FF-6897-4C75-9754-163A5D8CFC22}.Debug|x64.ActiveCfg = Debug|x64
		{90B208FF-6897-4C75-9754-163A5D8CFC22}.Debug|x64.Build.0 = Debug|x64
		{90B208FF-6897-4C75-9754-163A5D8CFC22}.Debug|x86.ActiveCfg = Debug|Win32
		{90B208FF-6897-4C75-9754-163A5D8CFC22}.Debug|x86.Build.0 = Debug|Win32
		{90B208FF-6897-4C75-9754-163A5D8CFC22}.Release|x64.ActiveCfg = Release|x64
		{90B208FF-6897-4C75-9754-163A5D8CFC22}.Release|x64.Build.0 = Release|x64
		{90B208FF-6897-4C75-9754-163A5D8CFC22}.Release|x86.ActiveCfg = Release|Win32
		{90B208FF-6897-4C75-9754-163A5D8CFC22}.Release|x86.Build.0 = Release|Win32
	EndGlobalSection
	GlobalSection(SolutionProperties) = preSolution
		HideSolutionNode = FALSE
	EndGlobalSection
	GlobalSection(ExtensibilityGlobals) = postSolution
		SolutionGuid = {5E51853F-B3E6-428D-9AF3-E8CC47B4B576}
	EndGlobalSection
EndGlobal
